
Microsoft Visual Studio Solution File, Format Version 12.00
# Visual Studio Version 16
VisualStudioVersion = 16.0.29009.5
MinimumVisualStudioVersion = 10.0.40219.1
Project("{FAE04EC0-301F-11D3-BF4B-00C04F79EFBC}") = "WpfApp1", "WpfApp1\WpfApp1.csproj", "{8A0CE68C-8E10-4CC6-8736-FFA0B828C2C4}"
EndProject
Project("{FAE04EC0-301F-11D3-BF4B-00C04F79EFBC}") = "DataManagement", "DataManagement\DataManagement.csproj", "{F03DAE22-DBBB-47A2-8645-0A01F7252E89}"
EndProject
Global
	GlobalSection(SolutionConfigurationPlatforms) = preSolution
		Debug|Any CPU = Debug|Any CPU
		Release|Any CPU = Release|Any CPU
	EndGlobalSection
	GlobalSection(ProjectConfigurationPlatforms) = postSolution
		{8A0CE68C-8E10-4CC6-8736-FFA0B828C2C4}.Debug|Any CPU.ActiveCfg = Debug|Any CPU
		{8A0CE68C-8E10-4CC6-8736-FFA0B828C2C4}.Debug|Any CPU.Build.0 = Debug|Any CPU
		{8A0CE68C-8E10-4CC6-8736-FFA0B828C2C4}.Release|Any CPU.ActiveCfg = Release|Any CPU
		{8A0CE68C-8E10-4CC6-8736-FFA0B828C2C4}.Release|Any CPU.Build.0 = Release|Any CPU
		{F03DAE22-DBBB-47A2-8645-0A01F7252E89}.Debug|Any CPU.ActiveCfg = Debug|Any CPU
		{F03DAE22-DBBB-47A2-8645-0A01F7252E89}.Debug|Any CPU.Build.0 = Debug|Any CPU
		{F03DAE22-DBBB-47A2-8645-0A01F7252E89}.Release|Any CPU.ActiveCfg = Release|Any CPU
		{F03DAE22-DBBB-47A2-8645-0A01F7252E89}.Release|Any CPU.Build.0 = Release|Any CPU
	EndGlobalSection
	GlobalSection(SolutionProperties) = preSolution
		HideSolutionNode = FALSE
	EndGlobalSection
	GlobalSection(ExtensibilityGlobals) = postSolution
		SolutionGuid = {61A42967-D285-47E4-A906-AF64ED84B57A}
	EndGlobalSection
EndGlobal
